
Microsoft Visual Studio Solution File, Format Version 12.00
# Visual Studio 15
VisualStudioVersion = 15.0.27004.2002
MinimumVisualStudioVersion = 10.0.40219.1
Project("{2150E333-8FDC-42A3-9474-1A3956D46DE8}") = "src", "src", "{6BF93F31-94E3-4E82-A83F-EF875568A99F}"
EndProject
Project("{2150E333-8FDC-42A3-9474-1A3956D46DE8}") = "test", "test", "{7E6B343D-8EFD-4439-BD98-599481F9FEFD}"
EndProject
Project("{9A19103F-16F7-4668-BE54-9A1E7A4F7556}") = "Axe.Core", "src\Axe.Core\Axe.Core.csproj", "{FA732CD2-89FD-4F50-B7AF-0E68849477BE}"
EndProject
Project("{2150E333-8FDC-42A3-9474-1A3956D46DE8}") = "Solution Items", "Solution Items", "{64E89C0E-CC66-4E10-A06D-8693FC7A9175}"
	ProjectSection(SolutionItems) = preProject
		.gitignore = .gitignore
		LICENSE = LICENSE
		README.md = README.md
	EndProjectSection
EndProject
Project("{FAE04EC0-301F-11D3-BF4B-00C04F79EFBC}") = "Axe.Core.Tests", "test\Axe.Core.Tests\Axe.Core.Tests.csproj", "{51833AF1-C117-49C3-9A5E-1DAB1452AF30}"
EndProject
Global
	GlobalSection(SolutionConfigurationPlatforms) = preSolution
		Debug|Any CPU = Debug|Any CPU
		Release|Any CPU = Release|Any CPU
	EndGlobalSection
	GlobalSection(ProjectConfigurationPlatforms) = postSolution
		{FA732CD2-89FD-4F50-B7AF-0E68849477BE}.Debug|Any CPU.ActiveCfg = Debug|Any CPU
		{FA732CD2-89FD-4F50-B7AF-0E68849477BE}.Debug|Any CPU.Build.0 = Debug|Any CPU
		{FA732CD2-89FD-4F50-B7AF-0E68849477BE}.Release|Any CPU.ActiveCfg = Release|Any CPU
		{FA732CD2-89FD-4F50-B7AF-0E68849477BE}.Release|Any CPU.Build.0 = Release|Any CPU
		{51833AF1-C117-49C3-9A5E-1DAB1452AF30}.Debug|Any CPU.ActiveCfg = Debug|Any CPU
		{51833AF1-C117-49C3-9A5E-1DAB1452AF30}.Debug|Any CPU.Build.0 = Debug|Any CPU
		{51833AF1-C117-49C3-9A5E-1DAB1452AF30}.Release|Any CPU.ActiveCfg = Release|Any CPU
		{51833AF1-C117-49C3-9A5E-1DAB1452AF30}.Release|Any CPU.Build.0 = Release|Any CPU
	EndGlobalSection
	GlobalSection(SolutionProperties) = preSolution
		HideSolutionNode = FALSE
	EndGlobalSection
	GlobalSection(NestedProjects) = preSolution
		{FA732CD2-89FD-4F50-B7AF-0E68849477BE} = {6BF93F31-94E3-4E82-A83F-EF875568A99F}
		{51833AF1-C117-49C3-9A5E-1DAB1452AF30} = {7E6B343D-8EFD-4439-BD98-599481F9FEFD}
	EndGlobalSection
	GlobalSection(ExtensibilityGlobals) = postSolution
		SolutionGuid = {AB7C0846-BE88-4CFF-9D6E-3D551C970D67}
	EndGlobalSection
EndGlobal
